<Solution>
  <Folder Name="/src/">
    <Project Path="src/EInvoiceSender.Application/EInvoiceSender.Application.csproj" />
    <Project Path="src/EInvoiceSender.Desktop/EInvoiceSender.Desktop.csproj" />
    <Project Path="src/EInvoiceSender.Domain/EInvoiceSender.Domain.csproj" />
    <Project Path="src/EInvoiceSender.Formats/EInvoiceSender.Formats.csproj" />
    <Project Path="src/EInvoiceSender.Infrastructure/EInvoiceSender.Infrastructure.csproj" />
    <Project Path="src/EInvoiceSender.Mail/EInvoiceSender.Mail.csproj" />
    <Project Path="src/EInvoiceSender.Validation/EInvoiceSender.Validation.csproj" />
  </Folder>
  <Folder Name="/tests/">
    <Project Path="tests/EInvoiceSender.Application.Tests/EInvoiceSender.Application.Tests.csproj" />
    <Project Path="tests/EInvoiceSender.Domain.Tests/EInvoiceSender.Domain.Tests.csproj" />
    <Project Path="tests/EInvoiceSender.Formats.Tests/EInvoiceSender.Formats.Tests.csproj" />
    <Project Path="tests/EInvoiceSender.IntegrationTests/EInvoiceSender.IntegrationTests.csproj" />
    <Project Path="tests/EInvoiceSender.Mail.Tests/EInvoiceSender.Mail.Tests.csproj" />
    <Project Path="tests/EInvoiceSender.TestSupport/EInvoiceSender.TestSupport.csproj" />
    <Project Path="tests/EInvoiceSender.Validation.Tests/EInvoiceSender.Validation.Tests.csproj" />
  </Folder>
</Solution>
