
Microsoft Visual Studio Solution File, Format Version 12.00
# Visual Studio Version 17
VisualStudioVersion = 17.0.31903.59
MinimumVisualStudioVersion = 10.0.40219.1
Project("{2150E333-8FDC-42A3-9474-1A3956D46DE8}") = "src", "src", "{827E0CD3-B72D-47B6-A68D-7590B98EB39B}"
EndProject
Project("{FAE04EC0-301F-11D3-BF4B-00C04F79EFBC}") = "EInvoiceSender.Core", "src\EInvoiceSender.Core\EInvoiceSender.Core.csproj", "{A69383D3-ECBA-49FD-A5A3-6AE60DF0499C}"
EndProject
Project("{FAE04EC0-301F-11D3-BF4B-00C04F79EFBC}") = "EInvoiceSender.App", "src\EInvoiceSender.App\EInvoiceSender.App.csproj", "{81DD5D73-E650-43EA-810F-13FFEED7B5F6}"
EndProject
Project("{2150E333-8FDC-42A3-9474-1A3956D46DE8}") = "tests", "tests", "{0AB3BF05-4346-4AA6-1389-037BE0695223}"
EndProject
Project("{FAE04EC0-301F-11D3-BF4B-00C04F79EFBC}") = "EInvoiceSender.Core.Tests", "tests\EInvoiceSender.Core.Tests\EInvoiceSender.Core.Tests.csproj", "{45AB4828-2CEE-479C-A752-DD39E6FE1419}"
EndProject
Project("{FAE04EC0-301F-11D3-BF4B-00C04F79EFBC}") = "EInvoiceSender.IntegrationTests", "tests\EInvoiceSender.IntegrationTests\EInvoiceSender.IntegrationTests.csproj", "{24DF6C19-375B-4CDF-BAEE-02963AEE822E}"
EndProject
Project("{2150E333-8FDC-42A3-9474-1A3956D46DE8}") = "installer", "installer", "{6E1C2B4A-9F53-4B7D-8C21-5A0D3E7F4B18}"
	ProjectSection(SolutionItems) = preProject
		installer\EInvoiceSender.Setup\EInvoiceSender.Setup.wixproj = installer\EInvoiceSender.Setup\EInvoiceSender.Setup.wixproj
		installer\EInvoiceSender.Setup\Package.wxs = installer\EInvoiceSender.Setup\Package.wxs
		installer\EInvoiceSender.Setup\Files.wxs = installer\EInvoiceSender.Setup\Files.wxs
	EndProjectSection
EndProject
Global
	GlobalSection(SolutionConfigurationPlatforms) = preSolution
		Debug|x64 = Debug|x64
		Release|x64 = Release|x64
	EndGlobalSection
	GlobalSection(ProjectConfigurationPlatforms) = postSolution
		{A69383D3-ECBA-49FD-A5A3-6AE60DF0499C}.Debug|x64.ActiveCfg = Debug|Any CPU
		{A69383D3-ECBA-49FD-A5A3-6AE60DF0499C}.Debug|x64.Build.0 = Debug|Any CPU
		{A69383D3-ECBA-49FD-A5A3-6AE60DF0499C}.Release|x64.ActiveCfg = Release|Any CPU
		{A69383D3-ECBA-49FD-A5A3-6AE60DF0499C}.Release|x64.Build.0 = Release|Any CPU
		{81DD5D73-E650-43EA-810F-13FFEED7B5F6}.Debug|x64.ActiveCfg = Debug|x64
		{81DD5D73-E650-43EA-810F-13FFEED7B5F6}.Debug|x64.Build.0 = Debug|x64
		{81DD5D73-E650-43EA-810F-13FFEED7B5F6}.Release|x64.ActiveCfg = Release|x64
		{81DD5D73-E650-43EA-810F-13FFEED7B5F6}.Release|x64.Build.0 = Release|x64
		{45AB4828-2CEE-479C-A752-DD39E6FE1419}.Debug|x64.ActiveCfg = Debug|Any CPU
		{45AB4828-2CEE-479C-A752-DD39E6FE1419}.Debug|x64.Build.0 = Debug|Any CPU
		{45AB4828-2CEE-479C-A752-DD39E6FE1419}.Release|x64.ActiveCfg = Release|Any CPU
		{45AB4828-2CEE-479C-A752-DD39E6FE1419}.Release|x64.Build.0 = Release|Any CPU
		{24DF6C19-375B-4CDF-BAEE-02963AEE822E}.Debug|x64.ActiveCfg = Debug|Any CPU
		{24DF6C19-375B-4CDF-BAEE-02963AEE822E}.Debug|x64.Build.0 = Debug|Any CPU
		{24DF6C19-375B-4CDF-BAEE-02963AEE822E}.Release|x64.ActiveCfg = Release|Any CPU
		{24DF6C19-375B-4CDF-BAEE-02963AEE822E}.Release|x64.Build.0 = Release|Any CPU
	EndGlobalSection
	GlobalSection(SolutionProperties) = preSolution
		HideSolutionNode = FALSE
	EndGlobalSection
	GlobalSection(NestedProjects) = preSolution
		{A69383D3-ECBA-49FD-A5A3-6AE60DF0499C} = {827E0CD3-B72D-47B6-A68D-7590B98EB39B}
		{81DD5D73-E650-43EA-810F-13FFEED7B5F6} = {827E0CD3-B72D-47B6-A68D-7590B98EB39B}
		{45AB4828-2CEE-479C-A752-DD39E6FE1419} = {0AB3BF05-4346-4AA6-1389-037BE0695223}
		{24DF6C19-375B-4CDF-BAEE-02963AEE822E} = {0AB3BF05-4346-4AA6-1389-037BE0695223}
	EndGlobalSection
EndGlobal
